// !$*UTF8*$!
{
	archiveVersion = 1;
	classes = {
	};
	objectVersion = 55;
	objects = {

/* Begin PBXBuildFile section */
		229AB83E27D0082D0036A9AB /* AppDelegate.swift in Sources */ = {isa = PBXBuildFile; fileRef = 229AB83D27D0082D0036A9AB /* AppDelegate.swift */; };
		229AB84027D0082D0036A9AB /* SceneDelegate.swift in Sources */ = {isa = PBXBuildFile; fileRef = 229AB83F27D0082D0036A9AB /* SceneDelegate.swift */; };
		229AB84227D0082D0036A9AB /* ViewController.swift in Sources */ = {isa = PBXBuildFile; fileRef = 229AB84127D0082D0036A9AB /* ViewController.swift */; };
		229AB84527D0082D0036A9AB /* Main.storyboard in Resources */ = {isa = PBXBuildFile; fileRef = 229AB84327D0082D0036A9AB /* Main.storyboard */; };
		229AB84727D008320036A9AB /* Assets.xcassets in Resources */ = {isa = PBXBuildFile; fileRef = 229AB84627D008320036A9AB /* Assets.xcassets */; };
		229AB84A27D008320036A9AB /* LaunchScreen.storyboard in Resources */ = {isa = PBXBuildFile; fileRef = 229AB84827D008320036A9AB /* LaunchScreen.storyboard */; };
		229AB85227D027D50036A9AB /* Model.swift in Sources */ = {isa = PBXBuildFile; fileRef = 229AB85127D027D50036A9AB /* Model.swift */; };
		229AB85427D036E30036A9AB /* TableViewCell.swift in Sources */ = {isa = PBXBuildFile; fileRef = 229AB85327D036E30036A9AB /* TableViewCell.swift */; };
		6BC7B9EC21D71D6A638D7F09 /* Pods_API_CALLING.framework in Frameworks */ = {isa = PBXBuildFile; fileRef = 75B6672853A8F8D4E5B0B1F1 /* Pods_API_CALLING.framework */; };
/* End PBXBuildFile section */

/* Begin PBXFileReference section */
		229AB83A27D0082D0036A9AB /* API CALLING.app */ = {isa = PBXFileReference; explicitFileType = wrapper.application; includeInIndex = 0; path = "API CALLING.app"; sourceTree = BUILT_PRODUCTS_DIR; };
		229AB83D27D0082D0036A9AB /* AppDelegate.swift */ = {isa = PBXFileReference; lastKnownFileType = sourcecode.swift; path = AppDelegate.swift; sourceTree = "<group>"; };
		229AB83F27D0082D0036A9AB /* SceneDelegate.swift */ = {isa = PBXFileReference; lastKnownFileType = sourcecode.swift; path = SceneDelegate.swift; sourceTree = "<group>"; };
		229AB84127D0082D0036A9AB /* ViewController.swift */ = {isa = PBXFileReference; lastKnownFileType = sourcecode.swift; path = ViewController.swift; sourceTree = "<group>"; };
		229AB84427D0082D0036A9AB /* Base */ = {isa = PBXFileReference; lastKnownFileType = file.storyboard; name = Base; path = Base.lproj/Main.storyboard; sourceTree = "<group>"; };
		229AB84627D008320036A9AB /* Assets.xcassets */ = {isa = PBXFileReference; lastKnownFileType = folder.assetcatalog; path = Assets.xcassets; sourceTree = "<group>"; };
		229AB84927D008320036A9AB /* Base */ = {isa = PBXFileReference; lastKnownFileType = file.storyboard; name = Base; path = Base.lproj/LaunchScreen.storyboard; sourceTree = "<group>"; };
		229AB84B27D008320036A9AB /* Info.plist */ = {isa = PBXFileReference; lastKnownFileType = text.plist.xml; path = Info.plist; sourceTree = "<group>"; };
		229AB85127D027D50036A9AB /* Model.swift */ = {isa = PBXFileReference; lastKnownFileType = sourcecode.swift; path = Model.swift; sourceTree = "<group>"; };
		229AB85327D036E30036A9AB /* TableViewCell.swift */ = {isa = PBXFileReference; lastKnownFileType = sourcecode.swift; path = TableViewCell.swift; sourceTree = "<group>"; };
		70DED515545C8187FADF0255 /* Pods-API CALLING.debug.xcconfig */ = {isa = PBXFileReference; includeInIndex = 1; lastKnownFileType = text.xcconfig; name = "Pods-API CALLING.debug.xcconfig"; path = "Target Support Files/Pods-API CALLING/Pods-API CALLING.debug.xcconfig"; sourceTree = "<group>"; };
		75B6672853A8F8D4E5B0B1F1 /* Pods_API_CALLING.framework */ = {isa = PBXFileReference; explicitFileType = wrapper.framework; includeInIndex = 0; path = Pods_API_CALLING.framework; sourceTree = BUILT_PRODUCTS_DIR; };
		A80A0BB0B4E039B8DF45A104 /* Pods-API CALLING.release.xcconfig */ = {isa = PBXFileReference; includeInIndex = 1; lastKnownFileType = text.xcconfig; name = "Pods-API CALLING.release.xcconfig"; path = "Target Support Files/Pods-API CALLING/Pods-API CALLING.release.xcconfig"; sourceTree = "<group>"; };
/* End PBXFileReference section */

/* Begin PBXFrameworksBuildPhase section */
		229AB83727D0082D0036A9AB /* Frameworks */ = {
			isa = PBXFrameworksBuildPhase;
			buildActionMask = 2147483647;
			files = (
				6BC7B9EC21D71D6A638D7F09 /* Pods_API_CALLING.framework in Frameworks */,
			);
			runOnlyForDeploymentPostprocessing = 0;
		};
/* End PBXFrameworksBuildPhase section */

/* Begin PBXGroup section */
		229AB83127D0082D0036A9AB = {
			isa = PBXGroup;
			children = (
				229AB83C27D0082D0036A9AB /* API CALLING */,
				229AB83B27D0082D0036A9AB /* Products */,
				AB77BD8AC9197E9F304A0CA2 /* Pods */,
				DBBA8EFB1E591E1C9FF89124 /* Frameworks */,
			);
			sourceTree = "<group>";
		};
		229AB83B27D0082D0036A9AB /* Products */ = {
			isa = PBXGroup;
			children = (
				229AB83A27D0082D0036A9AB /* API CALLING.app */,
			);
			name = Products;
			sourceTree = "<group>";
		};
		229AB83C27D0082D0036A9AB /* API CALLING */ = {
			isa = PBXGroup;
			children = (
				229AB83D27D0082D0036A9AB /* AppDelegate.swift */,
				229AB83F27D0082D0036A9AB /* SceneDelegate.swift */,
				229AB84127D0082D0036A9AB /* ViewController.swift */,
				229AB85327D036E30036A9AB /* TableViewCell.swift */,
				229AB84327D0082D0036A9AB /* Main.storyboard */,
				229AB84627D008320036A9AB /* Assets.xcassets */,
				229AB84827D008320036A9AB /* LaunchScreen.storyboard */,
				229AB84B27D008320036A9AB /* Info.plist */,
				229AB85127D027D50036A9AB /* Model.swift */,
			);
			path = "API CALLING";
			sourceTree = "<group>";
		};
		AB77BD8AC9197E9F304A0CA2 /* Pods */ = {
			isa = PBXGroup;
			children = (
				70DED515545C8187FADF0255 /* Pods-API CALLING.debug.xcconfig */,
				A80A0BB0B4E039B8DF45A104 /* Pods-API CALLING.release.xcconfig */,
			);
			path = Pods;
			sourceTree = "<group>";
		};
		DBBA8EFB1E591E1C9FF89124 /* Frameworks */ = {
			isa = PBXGroup;
			children = (
				75B6672853A8F8D4E5B0B1F1 /* Pods_API_CALLING.framework */,
			);
			name = Frameworks;
			sourceTree = "<group>";
		};
/* End PBXGroup section */

/* Begin PBXNativeTarget section */
		229AB83927D0082D0036A9AB /* API CALLING */ = {
			isa = PBXNativeTarget;
			buildConfigurationList = 229AB84E27D008320036A9AB /* Build configuration list for PBXNativeTarget "API CALLING" */;
			buildPhases = (
				911BDC2792C4A0524694643A /* [CP] Check Pods Manifest.lock */,
				229AB83627D0082D0036A9AB /* Sources */,
				229AB83727D0082D0036A9AB /* Frameworks */,
				229AB83827D0082D0036A9AB /* Resources */,
				53B126A61667C81D38CF04C4 /* [CP] Embed Pods Frameworks */,
			);
			buildRules = (
			);
			dependencies = (
			);
			name = "API CALLING";
			productName = "API CALLING";
			productReference = 229AB83A27D0082D0036A9AB /* API CALLING.app */;
			productType = "com.apple.product-type.application";
		};
/* End PBXNativeTarget section */

/* Begin PBXProject section */
		229AB83227D0082D0036A9AB /* Project object */ = {
			isa = PBXProject;
			attributes = {
				BuildIndependentTargetsInParallel = 1;
				LastSwiftUpdateCheck = 1320;
				LastUpgradeCheck = 1320;
				TargetAttributes = {
					229AB83927D0082D0036A9AB = {
						CreatedOnToolsVersion = 13.2.1;
					};
				};
			};
			buildConfigurationList = 229AB83527D0082D0036A9AB /* Build configuration list for PBXProject "API CALLING" */;
			compatibilityVersion = "Xcode 13.0";
			developmentRegion = en;
			hasScannedForEncodings = 0;
			knownRegions = (
				en,
				Base,
			);
			mainGroup = 229AB83127D0082D0036A9AB;
			productRefGroup = 229AB83B27D0082D0036A9AB /* Products */;
			projectDirPath = "";
			projectRoot = "";
			targets = (
				229AB83927D0082D0036A9AB /* API CALLING */,
			);
		};
/* End PBXProject section */

/* Begin PBXResourcesBuildPhase section */
		229AB83827D0082D0036A9AB /* Resources */ = {
			isa = PBXResourcesBuildPhase;
			buildActionMask = 2147483647;
			files = (
				229AB84A27D008320036A9AB /* LaunchScreen.storyboard in Resources */,
				229AB84727D008320036A9AB /* Assets.xcassets in Resources */,
				229AB84527D0082D0036A9AB /* Main.storyboard in Resources */,
			);
			runOnlyForDeploymentPostprocessing = 0;
		};
/* End PBXResourcesBuildPhase section */

/* Begin PBXShellScriptBuildPhase section */
		53B126A61667C81D38CF04C4 /* [CP] Embed Pods Frameworks */ = {
			isa = PBXShellScriptBuildPhase;
			buildActionMask = 2147483647;
			files = (
			);
			inputFileListPaths = (
				"${PODS_ROOT}/Target Support Files/Pods-API CALLING/Pods-API CALLING-frameworks-${CONFIGURATION}-input-files.xcfilelist",
			);
			name = "[CP] Embed Pods Frameworks";
			outputFileListPaths = (
				"${PODS_ROOT}/Target Support Files/Pods-API CALLING/Pods-API CALLING-frameworks-${CONFIGURATION}-output-files.xcfilelist",
			);
			runOnlyForDeploymentPostprocessing = 0;
			shellPath = /bin/sh;
			shellScript = "\"${PODS_ROOT}/Target Support Files/Pods-API CALLING/Pods-API CALLING-frameworks.sh\"\n";
			showEnvVarsInLog = 0;
		};
		911BDC2792C4A0524694643A /* [CP] Check Pods Manifest.lock */ = {
			isa = PBXShellScriptBuildPhase;
			buildActionMask = 2147483647;
			files = (
			);
			inputFileListPaths = (
			);
			inputPaths = (
				"${PODS_PODFILE_DIR_PATH}/Podfile.lock",
				"${PODS_ROOT}/Manifest.lock",
			);
			name = "[CP] Check Pods Manifest.lock";
			outputFileListPaths = (
			);
			outputPaths = (
				"$(DERIVED_FILE_DIR)/Pods-API CALLING-checkManifestLockResult.txt",
			);
			runOnlyForDeploymentPostprocessing = 0;
			shellPath = /bin/sh;
			shellScript = "diff \"${PODS_PODFILE_DIR_PATH}/Podfile.lock\" \"${PODS_ROOT}/Manifest.lock\" > /dev/null\nif [ $? != 0 ] ; then\n    # print error to STDERR\n    echo \"error: The sandbox is not in sync with the Podfile.lock. Run 'pod install' or update your CocoaPods installation.\" >&2\n    exit 1\nfi\n# This output is used by Xcode 'outputs' to avoid re-running this script phase.\necho \"SUCCESS\" > \"${SCRIPT_OUTPUT_FILE_0}\"\n";
			showEnvVarsInLog = 0;
		};
/* End PBXShellScriptBuildPhase section */

/* Begin PBXSourcesBuildPhase section */
		229AB83627D0082D0036A9AB /* Sources */ = {
			isa = PBXSourcesBuildPhase;
			buildActionMask = 2147483647;
			files = (
				229AB85427D036E30036A9AB /* TableViewCell.swift in Sources */,
				229AB84227D0082D0036A9AB /* ViewController.swift in Sources */,
				229AB83E27D0082D0036A9AB /* AppDelegate.swift in Sources */,
				229AB84027D0082D0036A9AB /* SceneDelegate.swift in Sources */,
				229AB85227D027D50036A9AB /* Model.swift in Sources */,
			);
			runOnlyForDeploymentPostprocessing = 0;
		};
/* End PBXSourcesBuildPhase section */

/* Begin PBXVariantGroup section */
		229AB84327D0082D0036A9AB /* Main.storyboard */ = {
			isa = PBXVariantGroup;
			children = (
				229AB84427D0082D0036A9AB /* Base */,
			);
			name = Main.storyboard;
			sourceTree = "<group>";
		};
		229AB84827D008320036A9AB /* LaunchScreen.storyboard */ = {
			isa = PBXVariantGroup;
			children = (
				229AB84927D008320036A9AB /* Base */,
			);
			name = LaunchScreen.storyboard;
			sourceTree = "<group>";
		};
/* End PBXVariantGroup section */

/* Begin XCBuildConfiguration section */
		229AB84C27D008320036A9AB /* Debug */ = {
			isa = XCBuildConfiguration;
			buildSettings = {
				ALWAYS_SEARCH_USER_PATHS = NO;
				CLANG_ANALYZER_NONNULL = YES;
				CLANG_ANALYZER_NUMBER_OBJECT_CONVERSION = YES_AGGRESSIVE;
				CLANG_CXX_LANGUAGE_STANDARD = "gnu++17";
				CLANG_CXX_LIBRARY = "libc++";
				CLANG_ENABLE_MODULES = YES;
				CLANG_ENABLE_OBJC_ARC = YES;
				CLANG_ENABLE_OBJC_WEAK = YES;
				CLANG_WARN_BLOCK_CAPTURE_AUTORELEASING = YES;
				CLANG_WARN_BOOL_CONVERSION = YES;
				CLANG_WARN_COMMA = YES;
				CLANG_WARN_CONSTANT_CONVERSION = YES;
				CLANG_WARN_DEPRECATED_OBJC_IMPLEMENTATIONS = YES;
				CLANG_WARN_DIRECT_OBJC_ISA_USAGE = YES_ERROR;
				CLANG_WARN_DOCUMENTATION_COMMENTS = YES;
				CLANG_WARN_EMPTY_BODY = YES;
				CLANG_WARN_ENUM_CONVERSION = YES;
				CLANG_WARN_INFINITE_RECURSION = YES;
				CLANG_WARN_INT_CONVERSION = YES;
				CLANG_WARN_NON_LITERAL_NULL_CONVERSION = YES;
				CLANG_WARN_OBJC_IMPLICIT_RETAIN_SELF = YES;
				CLANG_WARN_OBJC_LITERAL_CONVERSION = YES;
				CLANG_WARN_OBJC_ROOT_CLASS = YES_ERROR;
				CLANG_WARN_QUOTED_INCLUDE_IN_FRAMEWORK_HEADER = YES;
				CLANG_WARN_RANGE_LOOP_ANALYSIS = YES;
				CLANG_WARN_STRICT_PROTOTYPES = YES;
				CLANG_WARN_SUSPICIOUS_MOVE = YES;
				CLANG_WARN_UNGUARDED_AVAILABILITY = YES_AGGRESSIVE;
				CLANG_WARN_UNREACHABLE_CODE = YES;
				CLANG_WARN__DUPLICATE_METHOD_MATCH = YES;
				COPY_PHASE_STRIP = NO;
				DEBUG_INFORMATION_FORMAT = dwarf;
				ENABLE_STRICT_OBJC_MSGSEND = YES;
				ENABLE_TESTABILITY = YES;
				GCC_C_LANGUAGE_STANDARD = gnu11;
				GCC_DYNAMIC_NO_PIC = NO;
				GCC_NO_COMMON_BLOCKS = YES;
				GCC_OPTIMIZATION_LEVEL = 0;
				GCC_PREPROCESSOR_DEFINITIONS = (
					"DEBUG=1",
					"$(inherited)",
				);
				GCC_WARN_64_TO_32_BIT_CONVERSION = YES;
				GCC_WARN_ABOUT_RETURN_TYPE = YES_ERROR;
				GCC_WARN_UNDECLARED_SELECTOR = YES;
				GCC_WARN_UNINITIALIZED_AUTOS = YES_AGGRESSIVE;
				GCC_WARN_UNUSED_FUNCTION = YES;
				GCC_WARN_UNUSED_VARIABLE = YES;
				IPHONEOS_DEPLOYMENT_TARGET = 15.2;
				MTL_ENABLE_DEBUG_INFO = INCLUDE_SOURCE;
				MTL_FAST_MATH = YES;
				ONLY_ACTIVE_ARCH = YES;
				SDKROOT = iphoneos;
				SWIFT_ACTIVE_COMPILATION_CONDITIONS = DEBUG;
				SWIFT_OPTIMIZATION_LEVEL = "-Onone";
			};
			name = Debug;
		};
		229AB84D27D008320036A9AB /* Release */ = {
			isa = XCBuildConfiguration;
			buildSettings = {
				ALWAYS_SEARCH_USER_PATHS = NO;
				CLANG_ANALYZER_NONNULL = YES;
				CLANG_ANALYZER_NUMBER_OBJECT_CONVERSION = YES_AGGRESSIVE;
				CLANG_CXX_LANGUAGE_STANDARD = "gnu++17";
				CLANG_CXX_LIBRARY = "libc++";
				CLANG_ENABLE_MODULES = YES;
				CLANG_ENABLE_OBJC_ARC = YES;
				CLANG_ENABLE_OBJC_WEAK = YES;
				CLANG_WARN_BLOCK_CAPTURE_AUTORELEASING = YES;
				CLANG_WARN_BOOL_CONVERSION = YES;
				CLANG_WARN_COMMA = YES;
				CLANG_WARN_CONSTANT_CONVERSION = YES;
				CLANG_WARN_DEPRECATED_OBJC_IMPLEMENTATIONS = YES;
				CLANG_WARN_DIRECT_OBJC_ISA_USAGE = YES_ERROR;
				CLANG_WARN_DOCUMENTATION_COMMENTS = YES;
				CLANG_WARN_EMPTY_BODY = YES;
				CLANG_WARN_ENUM_CONVERSION = YES;
				CLANG_WARN_INFINITE_RECURSION = YES;
				CLANG_WARN_INT_CONVERSION = YES;
				CLANG_WARN_NON_LITERAL_NULL_CONVERSION = YES;
				CLANG_WARN_OBJC_IMPLICIT_RETAIN_SELF = YES;
				CLANG_WARN_OBJC_LITERAL_CONVERSION = YES;
				CLANG_WARN_OBJC_ROOT_CLASS = YES_ERROR;
				CLANG_WARN_QUOTED_INCLUDE_IN_FRAMEWORK_HEADER = YES;
				CLANG_WARN_RANGE_LOOP_ANALYSIS = YES;
				CLANG_WARN_STRICT_PROTOTYPES = YES;
				CLANG_WARN_SUSPICIOUS_MOVE = YES;
				CLANG_WARN_UNGUARDED_AVAILABILITY = YES_AGGRESSIVE;
				CLANG_WARN_UNREACHABLE_CODE = YES;
				CLANG_WARN__DUPLICATE_METHOD_MATCH = YES;
				COPY_PHASE_STRIP = NO;
				DEBUG_INFORMATION_FORMAT = "dwarf-with-dsym";
				ENABLE_NS_ASSERTIONS = NO;
				ENABLE_STRICT_OBJC_MSGSEND = YES;
				GCC_C_LANGUAGE_STANDARD = gnu11;
				GCC_NO_COMMON_BLOCKS = YES;
				GCC_WARN_64_TO_32_BIT_CONVERSION = YES;
				GCC_WARN_ABOUT_RETURN_TYPE = YES_ERROR;
				GCC_WARN_UNDECLARED_SELECTOR = YES;
				GCC_WARN_UNINITIALIZED_AUTOS = YES_AGGRESSIVE;
				GCC_WARN_UNUSED_FUNCTION = YES;
				GCC_WARN_UNUSED_VARIABLE = YES;
				IPHONEOS_DEPLOYMENT_TARGET = 15.2;
				MTL_ENABLE_DEBUG_INFO = NO;
				MTL_FAST_MATH = YES;
				SDKROOT = iphoneos;
				SWIFT_COMPILATION_MODE = wholemodule;
				SWIFT_OPTIMIZATION_LEVEL = "-O";
				VALIDATE_PRODUCT = YES;
			};
			name = Release;
		};
		229AB84F27D008320036A9AB /* Debug */ = {
			isa = XCBuildConfiguration;
			baseConfigurationReference = 70DED515545C8187FADF0255 /* Pods-API CALLING.debug.xcconfig */;
			buildSettings = {
				ASSETCATALOG_COMPILER_APPICON_NAME = AppIcon;
				ASSETCATALOG_COMPILER_GLOBAL_ACCENT_COLOR_NAME = AccentColor;
				CODE_SIGN_STYLE = Automatic;
				CURRENT_PROJECT_VERSION = 1;
				DEVELOPMENT_TEAM = M36758779V;
				GENERATE_INFOPLIST_FILE = YES;
				INFOPLIST_FILE = "API CALLING/Info.plist";
				INFOPLIST_KEY_UIApplicationSupportsIndirectInputEvents = YES;
				INFOPLIST_KEY_UILaunchStoryboardName = LaunchScreen;
				INFOPLIST_KEY_UIMainStoryboardFile = Main;
				INFOPLIST_KEY_UISupportedInterfaceOrientations_iPad = "UIInterfaceOrientationPortrait UIInterfaceOrientationPortraitUpsideDown UIInterfaceOrientationLandscapeLeft UIInterfaceOrientationLandscapeRight";
				INFOPLIST_KEY_UISupportedInterfaceOrientations_iPhone = "UIInterfaceOrientationPortrait UIInterfaceOrientationLandscapeLeft UIInterfaceOrientationLandscapeRight";
				LD_RUNPATH_SEARCH_PATHS = (
					"$(inherited)",
					"@executable_path/Frameworks",
				);
				MARKETING_VERSION = 1.0;
				PRODUCT_BUNDLE_IDENTIFIER = "com.itpath.path.API-CALLING";
				PRODUCT_NAME = "$(TARGET_NAME)";
				SWIFT_EMIT_LOC_STRINGS = YES;
				SWIFT_VERSION = 5.0;
				TARGETED_DEVICE_FAMILY = "1,2";
			};
			name = Debug;
		};
		229AB85027D008320036A9AB /* Release */ = {
			isa = XCBuildConfiguration;
			baseConfigurationReference = A80A0BB0B4E039B8DF45A104 /* Pods-API CALLING.release.xcconfig */;
			buildSettings = {
				ASSETCATALOG_COMPILER_APPICON_NAME = AppIcon;
				ASSETCATALOG_COMPILER_GLOBAL_ACCENT_COLOR_NAME = AccentColor;
				CODE_SIGN_STYLE = Automatic;
				CURRENT_PROJECT_VERSION = 1;
				DEVELOPMENT_TEAM = M36758779V;
				GENERATE_INFOPLIST_FILE = YES;
				INFOPLIST_FILE = "API CALLING/Info.plist";
				INFOPLIST_KEY_UIApplicationSupportsIndirectInputEvents = YES;
				INFOPLIST_KEY_UILaunchStoryboardName = LaunchScreen;
				INFOPLIST_KEY_UIMainStoryboardFile = Main;
				INFOPLIST_KEY_UISupportedInterfaceOrientations_iPad = "UIInterfaceOrientationPortrait UIInterfaceOrientationPortraitUpsideDown UIInterfaceOrientationLandscapeLeft UIInterfaceOrientationLandscapeRight";
				INFOPLIST_KEY_UISupportedInterfaceOrientations_iPhone = "UIInterfaceOrientationPortrait UIInterfaceOrientationLandscapeLeft UIInterfaceOrientationLandscapeRight";
				LD_RUNPATH_SEARCH_PATHS = (
					"$(inherited)",
					"@executable_path/Frameworks",
				);
				MARKETING_VERSION = 1.0;
				PRODUCT_BUNDLE_IDENTIFIER = "com.itpath.path.API-CALLING";
				PRODUCT_NAME = "$(TARGET_NAME)";
				SWIFT_EMIT_LOC_STRINGS = YES;
				SWIFT_VERSION = 5.0;
				TARGETED_DEVICE_FAMILY = "1,2";
			};
			name = Release;
		};
/* End XCBuildConfiguration section */

/* Begin XCConfigurationList section */
		229AB83527D0082D0036A9AB /* Build configuration list for PBXProject "API CALLING" */ = {
			isa = XCConfigurationList;
			buildConfigurations = (
				229AB84C27D008320036A9AB /* Debug */,
				229AB84D27D008320036A9AB /* Release */,
			);
			defaultConfigurationIsVisible = 0;
			defaultConfigurationName = Release;
		};
		229AB84E27D008320036A9AB /* Build configuration list for PBXNativeTarget "API CALLING" */ = {
			isa = XCConfigurationList;
			buildConfigurations = (
				229AB84F27D008320036A9AB /* Debug */,
				229AB85027D008320036A9AB /* Release */,
			);
			defaultConfigurationIsVisible = 0;
			defaultConfigurationName = Release;
		};
/* End XCConfigurationList section */
	};
	rootObject = 229AB83227D0082D0036A9AB /* Project object */;
}
